
Microsoft Visual Studio Solution File, Format Version 12.00
# Visual Studio 2013
VisualStudioVersion = 12.0.21005.1
MinimumVisualStudioVersion = 10.0.40219.1
Project("{8BC9CEB8-8B4A-11D0-8D11-00A0C91BC942}") = "Проект1", "Проект1\Проект1.vcxproj", "{C9F56E8E-1C17-4C32-90B5-F25D71D2668E}"
EndProject
Global
	GlobalSection(SolutionConfigurationPlatforms) = preSolution
		Debug|Win32 = Debug|Win32
		Release|Win32 = Release|Win32
	EndGlobalSection
	GlobalSection(ProjectConfigurationPlatforms) = postSolution
		{C9F56E8E-1C17-4C32-90B5-F25D71D2668E}.Debug|Win32.ActiveCfg = Debug|Win32
		{C9F56E8E-1C17-4C32-90B5-F25D71D2668E}.Debug|Win32.Build.0 = Debug|Win32
		{C9F56E8E-1C17-4C32-90B5-F25D71D2668E}.Release|Win32.ActiveCfg = Release|Win32
		{C9F56E8E-1C17-4C32-90B5-F25D71D2668E}.Release|Win32.Build.0 = Release|Win32
	EndGlobalSection
	GlobalSection(SolutionProperties) = preSolution
		HideSolutionNode = FALSE
	EndGlobalSection
EndGlobal
